// !$*UTF8*$!
{
	archiveVersion = 1;
	classes = {
	};
	objectVersion = 56;
	objects = {

/* Begin PBXBuildFile section */
		2138E5942C59202700067BB9 /* PetitionsRepo.swift in Sources */ = {isa = PBXBuildFile; fileRef = 2138E5932C59202700067BB9 /* PetitionsRepo.swift */; };
		2138E5962C5925C300067BB9 /* Utilities.swift in Sources */ = {isa = PBXBuildFile; fileRef = 2138E5952C5925C300067BB9 /* Utilities.swift */; };
		215DA4A72C58DF3800A07BF6 /* AppDelegate.swift in Sources */ = {isa = PBXBuildFile; fileRef = 215DA4A62C58DF3800A07BF6 /* AppDelegate.swift */; };
		215DA4A92C58DF3800A07BF6 /* SceneDelegate.swift in Sources */ = {isa = PBXBuildFile; fileRef = 215DA4A82C58DF3800A07BF6 /* SceneDelegate.swift */; };
		215DA4AB2C58DF3800A07BF6 /* ViewController.swift in Sources */ = {isa = PBXBuildFile; fileRef = 215DA4AA2C58DF3800A07BF6 /* ViewController.swift */; };
		215DA4AE2C58DF3800A07BF6 /* Base in Resources */ = {isa = PBXBuildFile; fileRef = 215DA4AD2C58DF3800A07BF6 /* Base */; };
		215DA4B02C58DF3900A07BF6 /* Assets.xcassets in Resources */ = {isa = PBXBuildFile; fileRef = 215DA4AF2C58DF3900A07BF6 /* Assets.xcassets */; };
		215DA4B32C58DF3900A07BF6 /* Base in Resources */ = {isa = PBXBuildFile; fileRef = 215DA4B22C58DF3900A07BF6 /* Base */; };
		215DA4BB2C58DF4B00A07BF6 /* Protocols.swift in Sources */ = {isa = PBXBuildFile; fileRef = 215DA4BA2C58DF4B00A07BF6 /* Protocols.swift */; };
		215DA4BD2C58E02000A07BF6 /* PetitionsInteractor.swift in Sources */ = {isa = PBXBuildFile; fileRef = 215DA4BC2C58E02000A07BF6 /* PetitionsInteractor.swift */; };
		215DA4BF2C58E11100A07BF6 /* PetitionsPresenter.swift in Sources */ = {isa = PBXBuildFile; fileRef = 215DA4BE2C58E11100A07BF6 /* PetitionsPresenter.swift */; };
		215DA4C12C58E25200A07BF6 /* PetitionsEntity.swift in Sources */ = {isa = PBXBuildFile; fileRef = 215DA4C02C58E25200A07BF6 /* PetitionsEntity.swift */; };
		215DA4C32C58E2A700A07BF6 /* PetitionsRouter.swift in Sources */ = {isa = PBXBuildFile; fileRef = 215DA4C22C58E2A700A07BF6 /* PetitionsRouter.swift */; };
/* End PBXBuildFile section */

/* Begin PBXFileReference section */
		2138E5932C59202700067BB9 /* PetitionsRepo.swift */ = {isa = PBXFileReference; lastKnownFileType = sourcecode.swift; path = PetitionsRepo.swift; sourceTree = "<group>"; };
		2138E5952C5925C300067BB9 /* Utilities.swift */ = {isa = PBXFileReference; lastKnownFileType = sourcecode.swift; path = Utilities.swift; sourceTree = "<group>"; };
		215DA4A32C58DF3800A07BF6 /* VIPER-medium.app */ = {isa = PBXFileReference; explicitFileType = wrapper.application; includeInIndex = 0; path = "VIPER-medium.app"; sourceTree = BUILT_PRODUCTS_DIR; };
		215DA4A62C58DF3800A07BF6 /* AppDelegate.swift */ = {isa = PBXFileReference; lastKnownFileType = sourcecode.swift; path = AppDelegate.swift; sourceTree = "<group>"; };
		215DA4A82C58DF3800A07BF6 /* SceneDelegate.swift */ = {isa = PBXFileReference; lastKnownFileType = sourcecode.swift; path = SceneDelegate.swift; sourceTree = "<group>"; };
		215DA4AA2C58DF3800A07BF6 /* ViewController.swift */ = {isa = PBXFileReference; lastKnownFileType = sourcecode.swift; path = ViewController.swift; sourceTree = "<group>"; };
		215DA4AD2C58DF3800A07BF6 /* Base */ = {isa = PBXFileReference; lastKnownFileType = file.storyboard; name = Base; path = Base.lproj/Main.storyboard; sourceTree = "<group>"; };
		215DA4AF2C58DF3900A07BF6 /* Assets.xcassets */ = {isa = PBXFileReference; lastKnownFileType = folder.assetcatalog; path = Assets.xcassets; sourceTree = "<group>"; };
		215DA4B22C58DF3900A07BF6 /* Base */ = {isa = PBXFileReference; lastKnownFileType = file.storyboard; name = Base; path = Base.lproj/LaunchScreen.storyboard; sourceTree = "<group>"; };
		215DA4B42C58DF3900A07BF6 /* Info.plist */ = {isa = PBXFileReference; lastKnownFileType = text.plist.xml; path = Info.plist; sourceTree = "<group>"; };
		215DA4BA2C58DF4B00A07BF6 /* Protocols.swift */ = {isa = PBXFileReference; lastKnownFileType = sourcecode.swift; path = Protocols.swift; sourceTree = "<group>"; };
		215DA4BC2C58E02000A07BF6 /* PetitionsInteractor.swift */ = {isa = PBXFileReference; lastKnownFileType = sourcecode.swift; path = PetitionsInteractor.swift; sourceTree = "<group>"; };
		215DA4BE2C58E11100A07BF6 /* PetitionsPresenter.swift */ = {isa = PBXFileReference; lastKnownFileType = sourcecode.swift; path = PetitionsPresenter.swift; sourceTree = "<group>"; };
		215DA4C02C58E25200A07BF6 /* PetitionsEntity.swift */ = {isa = PBXFileReference; lastKnownFileType = sourcecode.swift; path = PetitionsEntity.swift; sourceTree = "<group>"; };
		215DA4C22C58E2A700A07BF6 /* PetitionsRouter.swift */ = {isa = PBXFileReference; lastKnownFileType = sourcecode.swift; path = PetitionsRouter.swift; sourceTree = "<group>"; };
/* End PBXFileReference section */

/* Begin PBXFrameworksBuildPhase section */
		215DA4A02C58DF3800A07BF6 /* Frameworks */ = {
			isa = PBXFrameworksBuildPhase;
			buildActionMask = 2147483647;
			files = (
			);
			runOnlyForDeploymentPostprocessing = 0;
		};
/* End PBXFrameworksBuildPhase section */

/* Begin PBXGroup section */
		215DA49A2C58DF3800A07BF6 = {
			isa = PBXGroup;
			children = (
				215DA4A52C58DF3800A07BF6 /* VIPER-medium */,
				215DA4A42C58DF3800A07BF6 /* Products */,
			);
			sourceTree = "<group>";
		};
		215DA4A42C58DF3800A07BF6 /* Products */ = {
			isa = PBXGroup;
			children = (
				215DA4A32C58DF3800A07BF6 /* VIPER-medium.app */,
			);
			name = Products;
			sourceTree = "<group>";
		};
		215DA4A52C58DF3800A07BF6 /* VIPER-medium */ = {
			isa = PBXGroup;
			children = (
				215DA4A62C58DF3800A07BF6 /* AppDelegate.swift */,
				215DA4A82C58DF3800A07BF6 /* SceneDelegate.swift */,
				215DA4AA2C58DF3800A07BF6 /* ViewController.swift */,
				215DA4AC2C58DF3800A07BF6 /* Main.storyboard */,
				215DA4AF2C58DF3900A07BF6 /* Assets.xcassets */,
				215DA4B12C58DF3900A07BF6 /* LaunchScreen.storyboard */,
				215DA4B42C58DF3900A07BF6 /* Info.plist */,
				215DA4BA2C58DF4B00A07BF6 /* Protocols.swift */,
				2138E5932C59202700067BB9 /* PetitionsRepo.swift */,
				215DA4BC2C58E02000A07BF6 /* PetitionsInteractor.swift */,
				215DA4C02C58E25200A07BF6 /* PetitionsEntity.swift */,
				215DA4C22C58E2A700A07BF6 /* PetitionsRouter.swift */,
				215DA4BE2C58E11100A07BF6 /* PetitionsPresenter.swift */,
				2138E5952C5925C300067BB9 /* Utilities.swift */,
			);
			path = "VIPER-medium";
			sourceTree = "<group>";
		};
/* End PBXGroup section */

/* Begin PBXNativeTarget section */
		215DA4A22C58DF3800A07BF6 /* VIPER-medium */ = {
			isa = PBXNativeTarget;
			buildConfigurationList = 215DA4B72C58DF3900A07BF6 /* Build configuration list for PBXNativeTarget "VIPER-medium" */;
			buildPhases = (
				215DA49F2C58DF3800A07BF6 /* Sources */,
				215DA4A02C58DF3800A07BF6 /* Frameworks */,
				215DA4A12C58DF3800A07BF6 /* Resources */,
			);
			buildRules = (
			);
			dependencies = (
			);
			name = "VIPER-medium";
			productName = "VIPER-medium";
			productReference = 215DA4A32C58DF3800A07BF6 /* VIPER-medium.app */;
			productType = "com.apple.product-type.application";
		};
/* End PBXNativeTarget section */

/* Begin PBXProject section */
		215DA49B2C58DF3800A07BF6 /* Project object */ = {
			isa = PBXProject;
			attributes = {
				BuildIndependentTargetsInParallel = 1;
				LastSwiftUpdateCheck = 1540;
				LastUpgradeCheck = 1540;
				TargetAttributes = {
					215DA4A22C58DF3800A07BF6 = {
						CreatedOnToolsVersion = 15.4;
					};
				};
			};
			buildConfigurationList = 215DA49E2C58DF3800A07BF6 /* Build configuration list for PBXProject "VIPER-medium" */;
			compatibilityVersion = "Xcode 14.0";
			developmentRegion = en;
			hasScannedForEncodings = 0;
			knownRegions = (
				en,
				Base,
			);
			mainGroup = 215DA49A2C58DF3800A07BF6;
			productRefGroup = 215DA4A42C58DF3800A07BF6 /* Products */;
			projectDirPath = "";
			projectRoot = "";
			targets = (
				215DA4A22C58DF3800A07BF6 /* VIPER-medium */,
			);
		};
/* End PBXProject section */

/* Begin PBXResourcesBuildPhase section */
		215DA4A12C58DF3800A07BF6 /* Resources */ = {
			isa = PBXResourcesBuildPhase;
			buildActionMask = 2147483647;
			files = (
				215DA4B02C58DF3900A07BF6 /* Assets.xcassets in Resources */,
				215DA4B32C58DF3900A07BF6 /* Base in Resources */,
				215DA4AE2C58DF3800A07BF6 /* Base in Resources */,
			);
			runOnlyForDeploymentPostprocessing = 0;
		};
/* End PBXResourcesBuildPhase section */

/* Begin PBXSourcesBuildPhase section */
		215DA49F2C58DF3800A07BF6 /* Sources */ = {
			isa = PBXSourcesBuildPhase;
			buildActionMask = 2147483647;
			files = (
				2138E5942C59202700067BB9 /* PetitionsRepo.swift in Sources */,
				215DA4C32C58E2A700A07BF6 /* PetitionsRouter.swift in Sources */,
				215DA4BD2C58E02000A07BF6 /* PetitionsInteractor.swift in Sources */,
				215DA4AB2C58DF3800A07BF6 /* ViewController.swift in Sources */,
				215DA4A72C58DF3800A07BF6 /* AppDelegate.swift in Sources */,
				215DA4C12C58E25200A07BF6 /* PetitionsEntity.swift in Sources */,
				215DA4A92C58DF3800A07BF6 /* SceneDelegate.swift in Sources */,
				215DA4BF2C58E11100A07BF6 /* PetitionsPresenter.swift in Sources */,
				2138E5962C5925C300067BB9 /* Utilities.swift in Sources */,
				215DA4BB2C58DF4B00A07BF6 /* Protocols.swift in Sources */,
			);
			runOnlyForDeploymentPostprocessing = 0;
		};
/* End PBXSourcesBuildPhase section */

/* Begin PBXVariantGroup section */
		215DA4AC2C58DF3800A07BF6 /* Main.storyboard */ = {
			isa = PBXVariantGroup;
			children = (
				215DA4AD2C58DF3800A07BF6 /* Base */,
			);
			name = Main.storyboard;
			sourceTree = "<group>";
		};
		215DA4B12C58DF3900A07BF6 /* LaunchScreen.storyboard */ = {
			isa = PBXVariantGroup;
			children = (
				215DA4B22C58DF3900A07BF6 /* Base */,
			);
			name = LaunchScreen.storyboard;
			sourceTree = "<group>";
		};
/* End PBXVariantGroup section */

/* Begin XCBuildConfiguration section */
		215DA4B52C58DF3900A07BF6 /* Debug */ = {
			isa = XCBuildConfiguration;
			buildSettings = {
				ALWAYS_SEARCH_USER_PATHS = NO;
				ASSETCATALOG_COMPILER_GENERATE_SWIFT_ASSET_SYMBOL_EXTENSIONS = YES;
				CLANG_ANALYZER_NONNULL = YES;
				CLANG_ANALYZER_NUMBER_OBJECT_CONVERSION = YES_AGGRESSIVE;
				CLANG_CXX_LANGUAGE_STANDARD = "gnu++20";
				CLANG_ENABLE_MODULES = YES;
				CLANG_ENABLE_OBJC_ARC = YES;
				CLANG_ENABLE_OBJC_WEAK = YES;
				CLANG_WARN_BLOCK_CAPTURE_AUTORELEASING = YES;
				CLANG_WARN_BOOL_CONVERSION = YES;
				CLANG_WARN_COMMA = YES;
				CLANG_WARN_CONSTANT_CONVERSION = YES;
				CLANG_WARN_DEPRECATED_OBJC_IMPLEMENTATIONS = YES;
				CLANG_WARN_DIRECT_OBJC_ISA_USAGE = YES_ERROR;
				CLANG_WARN_DOCUMENTATION_COMMENTS = YES;
				CLANG_WARN_EMPTY_BODY = YES;
				CLANG_WARN_ENUM_CONVERSION = YES;
				CLANG_WARN_INFINITE_RECURSION = YES;
				CLANG_WARN_INT_CONVERSION = YES;
				CLANG_WARN_NON_LITERAL_NULL_CONVERSION = YES;
				CLANG_WARN_OBJC_IMPLICIT_RETAIN_SELF = YES;
				CLANG_WARN_OBJC_LITERAL_CONVERSION = YES;
				CLANG_WARN_OBJC_ROOT_CLASS = YES_ERROR;
				CLANG_WARN_QUOTED_INCLUDE_IN_FRAMEWORK_HEADER = YES;
				CLANG_WARN_RANGE_LOOP_ANALYSIS = YES;
				CLANG_WARN_STRICT_PROTOTYPES = YES;
				CLANG_WARN_SUSPICIOUS_MOVE = YES;
				CLANG_WARN_UNGUARDED_AVAILABILITY = YES_AGGRESSIVE;
				CLANG_WARN_UNREACHABLE_CODE = YES;
				CLANG_WARN__DUPLICATE_METHOD_MATCH = YES;
				COPY_PHASE_STRIP = NO;
				DEBUG_INFORMATION_FORMAT = dwarf;
				ENABLE_STRICT_OBJC_MSGSEND = YES;
				ENABLE_TESTABILITY = YES;
				ENABLE_USER_SCRIPT_SANDBOXING = YES;
				GCC_C_LANGUAGE_STANDARD = gnu17;
				GCC_DYNAMIC_NO_PIC = NO;
				GCC_NO_COMMON_BLOCKS = YES;
				GCC_OPTIMIZATION_LEVEL = 0;
				GCC_PREPROCESSOR_DEFINITIONS = (
					"DEBUG=1",
					"$(inherited)",
				);
				GCC_WARN_64_TO_32_BIT_CONVERSION = YES;
				GCC_WARN_ABOUT_RETURN_TYPE = YES_ERROR;
				GCC_WARN_UNDECLARED_SELECTOR = YES;
				GCC_WARN_UNINITIALIZED_AUTOS = YES_AGGRESSIVE;
				GCC_WARN_UNUSED_FUNCTION = YES;
				GCC_WARN_UNUSED_VARIABLE = YES;
				IPHONEOS_DEPLOYMENT_TARGET = 17.5;
				LOCALIZATION_PREFERS_STRING_CATALOGS = YES;
				MTL_ENABLE_DEBUG_INFO = INCLUDE_SOURCE;
				MTL_FAST_MATH = YES;
				ONLY_ACTIVE_ARCH = YES;
				SDKROOT = iphoneos;
				SWIFT_ACTIVE_COMPILATION_CONDITIONS = "DEBUG $(inherited)";
				SWIFT_OPTIMIZATION_LEVEL = "-Onone";
			};
			name = Debug;
		};
		215DA4B62C58DF3900A07BF6 /* Release */ = {
			isa = XCBuildConfiguration;
			buildSettings = {
				ALWAYS_SEARCH_USER_PATHS = NO;
				ASSETCATALOG_COMPILER_GENERATE_SWIFT_ASSET_SYMBOL_EXTENSIONS = YES;
				CLANG_ANALYZER_NONNULL = YES;
				CLANG_ANALYZER_NUMBER_OBJECT_CONVERSION = YES_AGGRESSIVE;
				CLANG_CXX_LANGUAGE_STANDARD = "gnu++20";
				CLANG_ENABLE_MODULES = YES;
				CLANG_ENABLE_OBJC_ARC = YES;
				CLANG_ENABLE_OBJC_WEAK = YES;
				CLANG_WARN_BLOCK_CAPTURE_AUTORELEASING = YES;
				CLANG_WARN_BOOL_CONVERSION = YES;
				CLANG_WARN_COMMA = YES;
				CLANG_WARN_CONSTANT_CONVERSION = YES;
				CLANG_WARN_DEPRECATED_OBJC_IMPLEMENTATIONS = YES;
				CLANG_WARN_DIRECT_OBJC_ISA_USAGE = YES_ERROR;
				CLANG_WARN_DOCUMENTATION_COMMENTS = YES;
				CLANG_WARN_EMPTY_BODY = YES;
				CLANG_WARN_ENUM_CONVERSION = YES;
				CLANG_WARN_INFINITE_RECURSION = YES;
				CLANG_WARN_INT_CONVERSION = YES;
				CLANG_WARN_NON_LITERAL_NULL_CONVERSION = YES;
				CLANG_WARN_OBJC_IMPLICIT_RETAIN_SELF = YES;
				CLANG_WARN_OBJC_LITERAL_CONVERSION = YES;
				CLANG_WARN_OBJC_ROOT_CLASS = YES_ERROR;
				CLANG_WARN_QUOTED_INCLUDE_IN_FRAMEWORK_HEADER = YES;
				CLANG_WARN_RANGE_LOOP_ANALYSIS = YES;
				CLANG_WARN_STRICT_PROTOTYPES = YES;
				CLANG_WARN_SUSPICIOUS_MOVE = YES;
				CLANG_WARN_UNGUARDED_AVAILABILITY = YES_AGGRESSIVE;
				CLANG_WARN_UNREACHABLE_CODE = YES;
				CLANG_WARN__DUPLICATE_METHOD_MATCH = YES;
				COPY_PHASE_STRIP = NO;
				DEBUG_INFORMATION_FORMAT = "dwarf-with-dsym";
				ENABLE_NS_ASSERTIONS = NO;
				ENABLE_STRICT_OBJC_MSGSEND = YES;
				ENABLE_USER_SCRIPT_SANDBOXING = YES;
				GCC_C_LANGUAGE_STANDARD = gnu17;
				GCC_NO_COMMON_BLOCKS = YES;
				GCC_WARN_64_TO_32_BIT_CONVERSION = YES;
				GCC_WARN_ABOUT_RETURN_TYPE = YES_ERROR;
				GCC_WARN_UNDECLARED_SELECTOR = YES;
				GCC_WARN_UNINITIALIZED_AUTOS = YES_AGGRESSIVE;
				GCC_WARN_UNUSED_FUNCTION = YES;
				GCC_WARN_UNUSED_VARIABLE = YES;
				IPHONEOS_DEPLOYMENT_TARGET = 17.5;
				LOCALIZATION_PREFERS_STRING_CATALOGS = YES;
				MTL_ENABLE_DEBUG_INFO = NO;
				MTL_FAST_MATH = YES;
				SDKROOT = iphoneos;
				SWIFT_COMPILATION_MODE = wholemodule;
				VALIDATE_PRODUCT = YES;
			};
			name = Release;
		};
		215DA4B82C58DF3900A07BF6 /* Debug */ = {
			isa = XCBuildConfiguration;
			buildSettings = {
				ASSETCATALOG_COMPILER_APPICON_NAME = AppIcon;
				ASSETCATALOG_COMPILER_GLOBAL_ACCENT_COLOR_NAME = AccentColor;
				CODE_SIGN_STYLE = Automatic;
				CURRENT_PROJECT_VERSION = 1;
				GENERATE_INFOPLIST_FILE = YES;
				INFOPLIST_FILE = "VIPER-medium/Info.plist";
				INFOPLIST_KEY_UIApplicationSupportsIndirectInputEvents = YES;
				INFOPLIST_KEY_UILaunchStoryboardName = LaunchScreen;
				INFOPLIST_KEY_UIMainStoryboardFile = Main;
				INFOPLIST_KEY_UISupportedInterfaceOrientations_iPad = "UIInterfaceOrientationPortrait UIInterfaceOrientationPortraitUpsideDown UIInterfaceOrientationLandscapeLeft UIInterfaceOrientationLandscapeRight";
				INFOPLIST_KEY_UISupportedInterfaceOrientations_iPhone = "UIInterfaceOrientationPortrait UIInterfaceOrientationLandscapeLeft UIInterfaceOrientationLandscapeRight";
				LD_RUNPATH_SEARCH_PATHS = (
					"$(inherited)",
					"@executable_path/Frameworks",
				);
				MARKETING_VERSION = 1.0;
				PRODUCT_BUNDLE_IDENTIFIER = "test.VIPER-medium";
				PRODUCT_NAME = "$(TARGET_NAME)";
				SWIFT_EMIT_LOC_STRINGS = YES;
				SWIFT_VERSION = 5.0;
				TARGETED_DEVICE_FAMILY = "1,2";
			};
			name = Debug;
		};
		215DA4B92C58DF3900A07BF6 /* Release */ = {
			isa = XCBuildConfiguration;
			buildSettings = {
				ASSETCATALOG_COMPILER_APPICON_NAME = AppIcon;
				ASSETCATALOG_COMPILER_GLOBAL_ACCENT_COLOR_NAME = AccentColor;
				CODE_SIGN_STYLE = Automatic;
				CURRENT_PROJECT_VERSION = 1;
				GENERATE_INFOPLIST_FILE = YES;
				INFOPLIST_FILE = "VIPER-medium/Info.plist";
				INFOPLIST_KEY_UIApplicationSupportsIndirectInputEvents = YES;
				INFOPLIST_KEY_UILaunchStoryboardName = LaunchScreen;
				INFOPLIST_KEY_UIMainStoryboardFile = Main;
				INFOPLIST_KEY_UISupportedInterfaceOrientations_iPad = "UIInterfaceOrientationPortrait UIInterfaceOrientationPortraitUpsideDown UIInterfaceOrientationLandscapeLeft UIInterfaceOrientationLandscapeRight";
				INFOPLIST_KEY_UISupportedInterfaceOrientations_iPhone = "UIInterfaceOrientationPortrait UIInterfaceOrientationLandscapeLeft UIInterfaceOrientationLandscapeRight";
				LD_RUNPATH_SEARCH_PATHS = (
					"$(inherited)",
					"@executable_path/Frameworks",
				);
				MARKETING_VERSION = 1.0;
				PRODUCT_BUNDLE_IDENTIFIER = "test.VIPER-medium";
				PRODUCT_NAME = "$(TARGET_NAME)";
				SWIFT_EMIT_LOC_STRINGS = YES;
				SWIFT_VERSION = 5.0;
				TARGETED_DEVICE_FAMILY = "1,2";
			};
			name = Release;
		};
/* End XCBuildConfiguration section */

/* Begin XCConfigurationList section */
		215DA49E2C58DF3800A07BF6 /* Build configuration list for PBXProject "VIPER-medium" */ = {
			isa = XCConfigurationList;
			buildConfigurations = (
				215DA4B52C58DF3900A07BF6 /* Debug */,
				215DA4B62C58DF3900A07BF6 /* Release */,
			);
			defaultConfigurationIsVisible = 0;
			defaultConfigurationName = Release;
		};
		215DA4B72C58DF3900A07BF6 /* Build configuration list for PBXNativeTarget "VIPER-medium" */ = {
			isa = XCConfigurationList;
			buildConfigurations = (
				215DA4B82C58DF3900A07BF6 /* Debug */,
				215DA4B92C58DF3900A07BF6 /* Release */,
			);
			defaultConfigurationIsVisible = 0;
			defaultConfigurationName = Release;
		};
/* End XCConfigurationList section */
	};
	rootObject = 215DA49B2C58DF3800A07BF6 /* Project object */;
}
